github.com/alrusov/log v0.1.28 h1:OiLUrys2Cih/Zfll2Njw1GhDKGWYLC70PLkh1TcxwC0=
github.com/alrusov/log v0.1.28/go.mod h1:NH2/TIE01QwvWMexz21JCgsJW6CMSgsMG200fLLGZ6o=
github.com/alrusov/misc v0.1.34 h1:ua91lwh3UnX6E3MjWEUnqWlLekXPBE+kJR/d92o9+nA=
github.com/alrusov/misc v0.1.34/go.mod h1:wq7jkLgy8u0ogF2EyY1Goes9GftiRcK4w1wH1vM9JFc=
github.com/alrusov/panic v0.1.13 h1:deY9lE2bUwSS1Py4eg97oRk9d+mrOZmMowKB1hPQBrs=
github.com/alrusov/panic v0.1.13/go.mod h1:zwS3WCJcw2e8x/A0d1UR7GQeZsoQ+OQ7Cf5x5UQSel8=
github.com/kardianos/service v1.2.0 h1:bGuZ/epo3vrt8IPC7mnKQolqFeYJb7Cs8Rk4PSOBB/g=
github.com/kardianos/service v1.2.0/go.mod h1:CIMRFEJVL+0DS1a3Nx06NaMn4Dz63Ng6O7dl0qH0zVM=
golang.org/x/sys v0.0.0-20201015000850-e3ed0017c211 h1:9UQO31fZ+0aKQOFldThf7BKPMJTiBfWycGh/u3UoO88=
golang.org/x/sys v0.0.0-20201015000850-e3ed0017c211/go.mod h1:h1NjWce9XRLGQEsW7wpKNCjG9DtNlClVuFLEZdDNbEs=
