github.com/alrusov/bufpool v0.1.0 h1:rHjiYY6K/KDJtJif87BXAIMe18TsQgligq0b8xHL19E=
github.com/alrusov/bufpool v0.1.0/go.mod h1:WQGPTsMZFX0fE9s+PLloqXgXMjgg6WICjTvqp9aWpNU=
github.com/alrusov/log v0.1.3 h1:uAFrjKFapjDP/mO2oQb5J/TYoDAtrYAbe2aFlay1+KY=
github.com/alrusov/log v0.1.3/go.mod h1:A4YDLOPZn4NIL1JnYDypQ2WkvPIrm1q8LW7VH0hhmCQ=
github.com/alrusov/misc v0.1.5 h1:HfhYn+VFF8DrWD7F8EpTSpcCfaFQp6x514sb/u3Q+RE=
github.com/alrusov/misc v0.1.5/go.mod h1:IN1ACWOqkBR4fnQEZ5I6wknwOllfPsfxkR2x05kDDnk=
github.com/alrusov/panic v0.1.3 h1:q7XQ1DA7l6rkLjwvtxCU1s6Zn3dOoPwLmOLmDqMIREo=
github.com/alrusov/panic v0.1.3/go.mod h1:wq4YPX5z+f3iE7ciGeOEBbsMv9Zc1khQ/P7QlSS44oY=
github.com/kardianos/service v1.0.0 h1:HgQS3mFfOlyntWX8Oke98JcJLqt1DBcHR4kxShpYef0=
github.com/kardianos/service v1.0.0/go.mod h1:8CzDhVuCuugtsHyZoTvsOBuvonN/UDBvl0kH+BUxvbo=
golang.org/x/sys v0.0.0-20190204203706-41f3e6584952 h1:FDfvYgoVsA7TTZSbgiqjAbfPbK47CNHdWl3h/PJtii0=
golang.org/x/sys v0.0.0-20190204203706-41f3e6584952/go.mod h1:STP8DvDyc/dI5b8T5hshtkjS+E42TnysNCUPdjciGhY=
