github.com/alrusov/bufpool v0.1.2 h1:+pyhEHHBRflJqOW1vS8hrVDGxR49bLCAunik37t0S04=
github.com/alrusov/bufpool v0.1.2/go.mod h1:WQGPTsMZFX0fE9s+PLloqXgXMjgg6WICjTvqp9aWpNU=
github.com/alrusov/log v0.1.13 h1:SuARdH9gzIQaEBLN27By0PmXREP3bZ2YDKh5xhgC6U0=
github.com/alrusov/log v0.1.13/go.mod h1:fvynga5Q1tKyJXWq34bU/doeYUgW95ZH2+r8Jyzubc4=
github.com/alrusov/misc v0.1.13 h1:uasP4ulM1v9/HRsq1W0aZtI0N80LL5HKSzIjwLyLhxE=
github.com/alrusov/misc v0.1.13/go.mod h1:F7PSy8shbhYX72CsRpUFBmVyc8Huj0SqGgGKKy+hFn4=
github.com/alrusov/panic v0.1.5 h1:0GXRisZXYsIpiyVlq6mNAPhkQroHbhC+PqzyWBvTFOI=
github.com/alrusov/panic v0.1.5/go.mod h1:ywn7KlmifsJYQulOUJSaIvccMj/u9pAmI7d86EVrWwk=
github.com/kardianos/service v1.0.0 h1:HgQS3mFfOlyntWX8Oke98JcJLqt1DBcHR4kxShpYef0=
github.com/kardianos/service v1.0.0/go.mod h1:8CzDhVuCuugtsHyZoTvsOBuvonN/UDBvl0kH+BUxvbo=
golang.org/x/sys v0.0.0-20190204203706-41f3e6584952 h1:FDfvYgoVsA7TTZSbgiqjAbfPbK47CNHdWl3h/PJtii0=
golang.org/x/sys v0.0.0-20190204203706-41f3e6584952/go.mod h1:STP8DvDyc/dI5b8T5hshtkjS+E42TnysNCUPdjciGhY=
